<?xml version="1.0" encoding="UTF-8" standalone="yes" ?>
<CodeBlocks_project_file>
	<FileVersion major="1" minor="6" />
	<Project>
		<Option title="ParrotEngine" />
		<Option pch_mode="2" />
		<Option compiler="gcc" />
		<Build>
			<Target title="Debug">
				<Option output="bin/Debug/ParrotEngine" prefix_auto="1" extension_auto="1" />
				<Option object_output="obj/Debug/" />
				<Option type="1" />
				<Option compiler="gcc" />
				<Compiler>
					<Add option="-g" />
					<Add directory="DEPENDENCIES/Include" />
					<Add directory="Engine" />
				</Compiler>
				<Linker>
					<Add library="libopengl32.a" />
					<Add library="libglfw3.a" />
					<Add library="libglfw3dll.a" />
					<Add library="libassimp.dll.a" />
					<Add directory="DEPENDENCIES/lib" />
				</Linker>
			</Target>
			<Target title="Release">
				<Option output="bin/Release/ParrotEngine" prefix_auto="1" extension_auto="1" />
				<Option object_output="obj/Release/" />
				<Option type="1" />
				<Option compiler="gcc" />
				<Compiler>
					<Add option="-O2" />
				</Compiler>
				<Linker>
					<Add option="-s" />
				</Linker>
			</Target>
		</Build>
		<Compiler>
			<Add option="-Wall" />
		</Compiler>
		<Unit filename="DEPENDENCIES/Include/GLFW/glfw3.h" />
		<Unit filename="DEPENDENCIES/Include/GLFW/glfw3native.h" />
		<Unit filename="DEPENDENCIES/Include/KHR/khrplatform.h" />
		<Unit filename="DEPENDENCIES/Include/Utility/Camera.cpp" />
		<Unit filename="DEPENDENCIES/Include/Utility/Camera.h" />
		<Unit filename="DEPENDENCIES/Include/Utility/Mesh.cpp" />
		<Unit filename="DEPENDENCIES/Include/Utility/Mesh.h" />
		<Unit filename="DEPENDENCIES/Include/Utility/Model.cpp" />
		<Unit filename="DEPENDENCIES/Include/Utility/Model.h" />
		<Unit filename="DEPENDENCIES/Include/Utility/Shader.cpp" />
		<Unit filename="DEPENDENCIES/Include/Utility/Shader.h" />
		<Unit filename="DEPENDENCIES/Include/Utility/stb_image.cpp" />
		<Unit filename="DEPENDENCIES/Include/assimp/Base64.hpp" />
		<Unit filename="DEPENDENCIES/Include/assimp/BaseImporter.h" />
		<Unit filename="DEPENDENCIES/Include/assimp/Bitmap.h" />
		<Unit filename="DEPENDENCIES/Include/assimp/BlobIOSystem.h" />
		<Unit filename="DEPENDENCIES/Include/assimp/ByteSwapper.h" />
		<Unit filename="DEPENDENCIES/Include/assimp/ColladaMetaData.h" />
		<Unit filename="DEPENDENCIES/Include/assimp/Compiler/poppack1.h" />
		<Unit filename="DEPENDENCIES/Include/assimp/Compiler/pstdint.h" />
		<Unit filename="DEPENDENCIES/Include/assimp/Compiler/pushpack1.h" />
		<Unit filename="DEPENDENCIES/Include/assimp/CreateAnimMesh.h" />
		<Unit filename="DEPENDENCIES/Include/assimp/DefaultIOStream.h" />
		<Unit filename="DEPENDENCIES/Include/assimp/DefaultIOSystem.h" />
		<Unit filename="DEPENDENCIES/Include/assimp/DefaultLogger.hpp" />
		<Unit filename="DEPENDENCIES/Include/assimp/Exceptional.h" />
		<Unit filename="DEPENDENCIES/Include/assimp/Exporter.hpp" />
		<Unit filename="DEPENDENCIES/Include/assimp/GenericProperty.h" />
		<Unit filename="DEPENDENCIES/Include/assimp/GltfMaterial.h" />
		<Unit filename="DEPENDENCIES/Include/assimp/Hash.h" />
		<Unit filename="DEPENDENCIES/Include/assimp/IOStream.hpp" />
		<Unit filename="DEPENDENCIES/Include/assimp/IOStreamBuffer.h" />
		<Unit filename="DEPENDENCIES/Include/assimp/IOSystem.hpp" />
		<Unit filename="DEPENDENCIES/Include/assimp/Importer.hpp" />
		<Unit filename="DEPENDENCIES/Include/assimp/LineSplitter.h" />
		<Unit filename="DEPENDENCIES/Include/assimp/LogAux.h" />
		<Unit filename="DEPENDENCIES/Include/assimp/LogStream.hpp" />
		<Unit filename="DEPENDENCIES/Include/assimp/Logger.hpp" />
		<Unit filename="DEPENDENCIES/Include/assimp/MathFunctions.h" />
		<Unit filename="DEPENDENCIES/Include/assimp/MemoryIOWrapper.h" />
		<Unit filename="DEPENDENCIES/Include/assimp/NullLogger.hpp" />
		<Unit filename="DEPENDENCIES/Include/assimp/ObjMaterial.h" />
		<Unit filename="DEPENDENCIES/Include/assimp/ParsingUtils.h" />
		<Unit filename="DEPENDENCIES/Include/assimp/Profiler.h" />
		<Unit filename="DEPENDENCIES/Include/assimp/ProgressHandler.hpp" />
		<Unit filename="DEPENDENCIES/Include/assimp/RemoveComments.h" />
		<Unit filename="DEPENDENCIES/Include/assimp/SGSpatialSort.h" />
		<Unit filename="DEPENDENCIES/Include/assimp/SceneCombiner.h" />
		<Unit filename="DEPENDENCIES/Include/assimp/SkeletonMeshBuilder.h" />
		<Unit filename="DEPENDENCIES/Include/assimp/SmallVector.h" />
		<Unit filename="DEPENDENCIES/Include/assimp/SmoothingGroups.h" />
		<Unit filename="DEPENDENCIES/Include/assimp/SpatialSort.h" />
		<Unit filename="DEPENDENCIES/Include/assimp/StandardShapes.h" />
		<Unit filename="DEPENDENCIES/Include/assimp/StreamReader.h" />
		<Unit filename="DEPENDENCIES/Include/assimp/StreamWriter.h" />
		<Unit filename="DEPENDENCIES/Include/assimp/StringComparison.h" />
		<Unit filename="DEPENDENCIES/Include/assimp/StringUtils.h" />
		<Unit filename="DEPENDENCIES/Include/assimp/Subdivision.h" />
		<Unit filename="DEPENDENCIES/Include/assimp/TinyFormatter.h" />
		<Unit filename="DEPENDENCIES/Include/assimp/Vertex.h" />
		<Unit filename="DEPENDENCIES/Include/assimp/XMLTools.h" />
		<Unit filename="DEPENDENCIES/Include/assimp/XmlParser.h" />
		<Unit filename="DEPENDENCIES/Include/assimp/ZipArchiveIOSystem.h" />
		<Unit filename="DEPENDENCIES/Include/assimp/aabb.h" />
		<Unit filename="DEPENDENCIES/Include/assimp/ai_assert.h" />
		<Unit filename="DEPENDENCIES/Include/assimp/anim.h" />
		<Unit filename="DEPENDENCIES/Include/assimp/camera.h" />
		<Unit filename="DEPENDENCIES/Include/assimp/cexport.h" />
		<Unit filename="DEPENDENCIES/Include/assimp/cfileio.h" />
		<Unit filename="DEPENDENCIES/Include/assimp/cimport.h" />
		<Unit filename="DEPENDENCIES/Include/assimp/color4.h" />
		<Unit filename="DEPENDENCIES/Include/assimp/commonMetaData.h" />
		<Unit filename="DEPENDENCIES/Include/assimp/config.h" />
		<Unit filename="DEPENDENCIES/Include/assimp/defs.h" />
		<Unit filename="DEPENDENCIES/Include/assimp/fast_atof.h" />
		<Unit filename="DEPENDENCIES/Include/assimp/importerdesc.h" />
		<Unit filename="DEPENDENCIES/Include/assimp/light.h" />
		<Unit filename="DEPENDENCIES/Include/assimp/material.h" />
		<Unit filename="DEPENDENCIES/Include/assimp/matrix3x3.h" />
		<Unit filename="DEPENDENCIES/Include/assimp/matrix4x4.h" />
		<Unit filename="DEPENDENCIES/Include/assimp/mesh.h" />
		<Unit filename="DEPENDENCIES/Include/assimp/metadata.h" />
		<Unit filename="DEPENDENCIES/Include/assimp/pbrmaterial.h" />
		<Unit filename="DEPENDENCIES/Include/assimp/port/AndroidJNI/AndroidJNIIOSystem.h" />
		<Unit filename="DEPENDENCIES/Include/assimp/port/AndroidJNI/BundledAssetIOSystem.h" />
		<Unit filename="DEPENDENCIES/Include/assimp/postprocess.h" />
		<Unit filename="DEPENDENCIES/Include/assimp/qnan.h" />
		<Unit filename="DEPENDENCIES/Include/assimp/quaternion.h" />
		<Unit filename="DEPENDENCIES/Include/assimp/scene.h" />
		<Unit filename="DEPENDENCIES/Include/assimp/texture.h" />
		<Unit filename="DEPENDENCIES/Include/assimp/types.h" />
		<Unit filename="DEPENDENCIES/Include/assimp/vector2.h" />
		<Unit filename="DEPENDENCIES/Include/assimp/vector3.h" />
		<Unit filename="DEPENDENCIES/Include/assimp/version.h" />
		<Unit filename="DEPENDENCIES/Include/glad/glad.h" />
		<Unit filename="DEPENDENCIES/Include/glm/common.hpp" />
		<Unit filename="DEPENDENCIES/Include/glm/detail/_features.hpp" />
		<Unit filename="DEPENDENCIES/Include/glm/detail/_fixes.hpp" />
		<Unit filename="DEPENDENCIES/Include/glm/detail/_noise.hpp" />
		<Unit filename="DEPENDENCIES/Include/glm/detail/_swizzle.hpp" />
		<Unit filename="DEPENDENCIES/Include/glm/detail/_swizzle_func.hpp" />
		<Unit filename="DEPENDENCIES/Include/glm/detail/_vectorize.hpp" />
		<Unit filename="DEPENDENCIES/Include/glm/detail/compute_common.hpp" />
		<Unit filename="DEPENDENCIES/Include/glm/detail/compute_vector_relational.hpp" />
		<Unit filename="DEPENDENCIES/Include/glm/detail/glm.cpp" />
		<Unit filename="DEPENDENCIES/Include/glm/detail/qualifier.hpp" />
		<Unit filename="DEPENDENCIES/Include/glm/detail/setup.hpp" />
		<Unit filename="DEPENDENCIES/Include/glm/detail/type_float.hpp" />
		<Unit filename="DEPENDENCIES/Include/glm/detail/type_half.hpp" />
		<Unit filename="DEPENDENCIES/Include/glm/detail/type_mat2x2.hpp" />
		<Unit filename="DEPENDENCIES/Include/glm/detail/type_mat2x3.hpp" />
		<Unit filename="DEPENDENCIES/Include/glm/detail/type_mat2x4.hpp" />
		<Unit filename="DEPENDENCIES/Include/glm/detail/type_mat3x2.hpp" />
		<Unit filename="DEPENDENCIES/Include/glm/detail/type_mat3x3.hpp" />
		<Unit filename="DEPENDENCIES/Include/glm/detail/type_mat3x4.hpp" />
		<Unit filename="DEPENDENCIES/Include/glm/detail/type_mat4x2.hpp" />
		<Unit filename="DEPENDENCIES/Include/glm/detail/type_mat4x3.hpp" />
		<Unit filename="DEPENDENCIES/Include/glm/detail/type_mat4x4.hpp" />
		<Unit filename="DEPENDENCIES/Include/glm/detail/type_quat.hpp" />
		<Unit filename="DEPENDENCIES/Include/glm/detail/type_vec1.hpp" />
		<Unit filename="DEPENDENCIES/Include/glm/detail/type_vec2.hpp" />
		<Unit filename="DEPENDENCIES/Include/glm/detail/type_vec3.hpp" />
		<Unit filename="DEPENDENCIES/Include/glm/detail/type_vec4.hpp" />
		<Unit filename="DEPENDENCIES/Include/glm/exponential.hpp" />
		<Unit filename="DEPENDENCIES/Include/glm/ext.hpp" />
		<Unit filename="DEPENDENCIES/Include/glm/ext/matrix_clip_space.hpp" />
		<Unit filename="DEPENDENCIES/Include/glm/ext/matrix_common.hpp" />
		<Unit filename="DEPENDENCIES/Include/glm/ext/matrix_double2x2.hpp" />
		<Unit filename="DEPENDENCIES/Include/glm/ext/matrix_double2x2_precision.hpp" />
		<Unit filename="DEPENDENCIES/Include/glm/ext/matrix_double2x3.hpp" />
		<Unit filename="DEPENDENCIES/Include/glm/ext/matrix_double2x3_precision.hpp" />
		<Unit filename="DEPENDENCIES/Include/glm/ext/matrix_double2x4.hpp" />
		<Unit filename="DEPENDENCIES/Include/glm/ext/matrix_double2x4_precision.hpp" />
		<Unit filename="DEPENDENCIES/Include/glm/ext/matrix_double3x2.hpp" />
		<Unit filename="DEPENDENCIES/Include/glm/ext/matrix_double3x2_precision.hpp" />
		<Unit filename="DEPENDENCIES/Include/glm/ext/matrix_double3x3.hpp" />
		<Unit filename="DEPENDENCIES/Include/glm/ext/matrix_double3x3_precision.hpp" />
		<Unit filename="DEPENDENCIES/Include/glm/ext/matrix_double3x4.hpp" />
		<Unit filename="DEPENDENCIES/Include/glm/ext/matrix_double3x4_precision.hpp" />
		<Unit filename="DEPENDENCIES/Include/glm/ext/matrix_double4x2.hpp" />
		<Unit filename="DEPENDENCIES/Include/glm/ext/matrix_double4x2_precision.hpp" />
		<Unit filename="DEPENDENCIES/Include/glm/ext/matrix_double4x3.hpp" />
		<Unit filename="DEPENDENCIES/Include/glm/ext/matrix_double4x3_precision.hpp" />
		<Unit filename="DEPENDENCIES/Include/glm/ext/matrix_double4x4.hpp" />
		<Unit filename="DEPENDENCIES/Include/glm/ext/matrix_double4x4_precision.hpp" />
		<Unit filename="DEPENDENCIES/Include/glm/ext/matrix_float2x2.hpp" />
		<Unit filename="DEPENDENCIES/Include/glm/ext/matrix_float2x2_precision.hpp" />
		<Unit filename="DEPENDENCIES/Include/glm/ext/matrix_float2x3.hpp" />
		<Unit filename="DEPENDENCIES/Include/glm/ext/matrix_float2x3_precision.hpp" />
		<Unit filename="DEPENDENCIES/Include/glm/ext/matrix_float2x4.hpp" />
		<Unit filename="DEPENDENCIES/Include/glm/ext/matrix_float2x4_precision.hpp" />
		<Unit filename="DEPENDENCIES/Include/glm/ext/matrix_float3x2.hpp" />
		<Unit filename="DEPENDENCIES/Include/glm/ext/matrix_float3x2_precision.hpp" />
		<Unit filename="DEPENDENCIES/Include/glm/ext/matrix_float3x3.hpp" />
		<Unit filename="DEPENDENCIES/Include/glm/ext/matrix_float3x3_precision.hpp" />
		<Unit filename="DEPENDENCIES/Include/glm/ext/matrix_float3x4.hpp" />
		<Unit filename="DEPENDENCIES/Include/glm/ext/matrix_float3x4_precision.hpp" />
		<Unit filename="DEPENDENCIES/Include/glm/ext/matrix_float4x2.hpp" />
		<Unit filename="DEPENDENCIES/Include/glm/ext/matrix_float4x2_precision.hpp" />
		<Unit filename="DEPENDENCIES/Include/glm/ext/matrix_float4x3.hpp" />
		<Unit filename="DEPENDENCIES/Include/glm/ext/matrix_float4x3_precision.hpp" />
		<Unit filename="DEPENDENCIES/Include/glm/ext/matrix_float4x4.hpp" />
		<Unit filename="DEPENDENCIES/Include/glm/ext/matrix_float4x4_precision.hpp" />
		<Unit filename="DEPENDENCIES/Include/glm/ext/matrix_int2x2.hpp" />
		<Unit filename="DEPENDENCIES/Include/glm/ext/matrix_int2x2_sized.hpp" />
		<Unit filename="DEPENDENCIES/Include/glm/ext/matrix_int2x3.hpp" />
		<Unit filename="DEPENDENCIES/Include/glm/ext/matrix_int2x3_sized.hpp" />
		<Unit filename="DEPENDENCIES/Include/glm/ext/matrix_int2x4.hpp" />
		<Unit filename="DEPENDENCIES/Include/glm/ext/matrix_int2x4_sized.hpp" />
		<Unit filename="DEPENDENCIES/Include/glm/ext/matrix_int3x2.hpp" />
		<Unit filename="DEPENDENCIES/Include/glm/ext/matrix_int3x2_sized.hpp" />
		<Unit filename="DEPENDENCIES/Include/glm/ext/matrix_int3x3.hpp" />
		<Unit filename="DEPENDENCIES/Include/glm/ext/matrix_int3x3_sized.hpp" />
		<Unit filename="DEPENDENCIES/Include/glm/ext/matrix_int3x4.hpp" />
		<Unit filename="DEPENDENCIES/Include/glm/ext/matrix_int3x4_sized.hpp" />
		<Unit filename="DEPENDENCIES/Include/glm/ext/matrix_int4x2.hpp" />
		<Unit filename="DEPENDENCIES/Include/glm/ext/matrix_int4x2_sized.hpp" />
		<Unit filename="DEPENDENCIES/Include/glm/ext/matrix_int4x3.hpp" />
		<Unit filename="DEPENDENCIES/Include/glm/ext/matrix_int4x3_sized.hpp" />
		<Unit filename="DEPENDENCIES/Include/glm/ext/matrix_int4x4.hpp" />
		<Unit filename="DEPENDENCIES/Include/glm/ext/matrix_int4x4_sized.hpp" />
		<Unit filename="DEPENDENCIES/Include/glm/ext/matrix_projection.hpp" />
		<Unit filename="DEPENDENCIES/Include/glm/ext/matrix_relational.hpp" />
		<Unit filename="DEPENDENCIES/Include/glm/ext/matrix_transform.hpp" />
		<Unit filename="DEPENDENCIES/Include/glm/ext/matrix_uint2x2.hpp" />
		<Unit filename="DEPENDENCIES/Include/glm/ext/matrix_uint2x2_sized.hpp" />
		<Unit filename="DEPENDENCIES/Include/glm/ext/matrix_uint2x3.hpp" />
		<Unit filename="DEPENDENCIES/Include/glm/ext/matrix_uint2x3_sized.hpp" />
		<Unit filename="DEPENDENCIES/Include/glm/ext/matrix_uint2x4.hpp" />
		<Unit filename="DEPENDENCIES/Include/glm/ext/matrix_uint2x4_sized.hpp" />
		<Unit filename="DEPENDENCIES/Include/glm/ext/matrix_uint3x2.hpp" />
		<Unit filename="DEPENDENCIES/Include/glm/ext/matrix_uint3x2_sized.hpp" />
		<Unit filename="DEPENDENCIES/Include/glm/ext/matrix_uint3x3.hpp" />
		<Unit filename="DEPENDENCIES/Include/glm/ext/matrix_uint3x3_sized.hpp" />
		<Unit filename="DEPENDENCIES/Include/glm/ext/matrix_uint3x4.hpp" />
		<Unit filename="DEPENDENCIES/Include/glm/ext/matrix_uint3x4_sized.hpp" />
		<Unit filename="DEPENDENCIES/Include/glm/ext/matrix_uint4x2.hpp" />
		<Unit filename="DEPENDENCIES/Include/glm/ext/matrix_uint4x2_sized.hpp" />
		<Unit filename="DEPENDENCIES/Include/glm/ext/matrix_uint4x3.hpp" />
		<Unit filename="DEPENDENCIES/Include/glm/ext/matrix_uint4x3_sized.hpp" />
		<Unit filename="DEPENDENCIES/Include/glm/ext/matrix_uint4x4.hpp" />
		<Unit filename="DEPENDENCIES/Include/glm/ext/matrix_uint4x4_sized.hpp" />
		<Unit filename="DEPENDENCIES/Include/glm/ext/quaternion_common.hpp" />
		<Unit filename="DEPENDENCIES/Include/glm/ext/quaternion_double.hpp" />
		<Unit filename="DEPENDENCIES/Include/glm/ext/quaternion_double_precision.hpp" />
		<Unit filename="DEPENDENCIES/Include/glm/ext/quaternion_exponential.hpp" />
		<Unit filename="DEPENDENCIES/Include/glm/ext/quaternion_float.hpp" />
		<Unit filename="DEPENDENCIES/Include/glm/ext/quaternion_float_precision.hpp" />
		<Unit filename="DEPENDENCIES/Include/glm/ext/quaternion_geometric.hpp" />
		<Unit filename="DEPENDENCIES/Include/glm/ext/quaternion_relational.hpp" />
		<Unit filename="DEPENDENCIES/Include/glm/ext/quaternion_transform.hpp" />
		<Unit filename="DEPENDENCIES/Include/glm/ext/quaternion_trigonometric.hpp" />
		<Unit filename="DEPENDENCIES/Include/glm/ext/scalar_common.hpp" />
		<Unit filename="DEPENDENCIES/Include/glm/ext/scalar_constants.hpp" />
		<Unit filename="DEPENDENCIES/Include/glm/ext/scalar_int_sized.hpp" />
		<Unit filename="DEPENDENCIES/Include/glm/ext/scalar_integer.hpp" />
		<Unit filename="DEPENDENCIES/Include/glm/ext/scalar_packing.hpp" />
		<Unit filename="DEPENDENCIES/Include/glm/ext/scalar_relational.hpp" />
		<Unit filename="DEPENDENCIES/Include/glm/ext/scalar_uint_sized.hpp" />
		<Unit filename="DEPENDENCIES/Include/glm/ext/scalar_ulp.hpp" />
		<Unit filename="DEPENDENCIES/Include/glm/ext/vector_bool1.hpp" />
		<Unit filename="DEPENDENCIES/Include/glm/ext/vector_bool1_precision.hpp" />
		<Unit filename="DEPENDENCIES/Include/glm/ext/vector_bool2.hpp" />
		<Unit filename="DEPENDENCIES/Include/glm/ext/vector_bool2_precision.hpp" />
		<Unit filename="DEPENDENCIES/Include/glm/ext/vector_bool3.hpp" />
		<Unit filename="DEPENDENCIES/Include/glm/ext/vector_bool3_precision.hpp" />
		<Unit filename="DEPENDENCIES/Include/glm/ext/vector_bool4.hpp" />
		<Unit filename="DEPENDENCIES/Include/glm/ext/vector_bool4_precision.hpp" />
		<Unit filename="DEPENDENCIES/Include/glm/ext/vector_common.hpp" />
		<Unit filename="DEPENDENCIES/Include/glm/ext/vector_double1.hpp" />
		<Unit filename="DEPENDENCIES/Include/glm/ext/vector_double1_precision.hpp" />
		<Unit filename="DEPENDENCIES/Include/glm/ext/vector_double2.hpp" />
		<Unit filename="DEPENDENCIES/Include/glm/ext/vector_double2_precision.hpp" />
		<Unit filename="DEPENDENCIES/Include/glm/ext/vector_double3.hpp" />
		<Unit filename="DEPENDENCIES/Include/glm/ext/vector_double3_precision.hpp" />
		<Unit filename="DEPENDENCIES/Include/glm/ext/vector_double4.hpp" />
		<Unit filename="DEPENDENCIES/Include/glm/ext/vector_double4_precision.hpp" />
		<Unit filename="DEPENDENCIES/Include/glm/ext/vector_float1.hpp" />
		<Unit filename="DEPENDENCIES/Include/glm/ext/vector_float1_precision.hpp" />
		<Unit filename="DEPENDENCIES/Include/glm/ext/vector_float2.hpp" />
		<Unit filename="DEPENDENCIES/Include/glm/ext/vector_float2_precision.hpp" />
		<Unit filename="DEPENDENCIES/Include/glm/ext/vector_float3.hpp" />
		<Unit filename="DEPENDENCIES/Include/glm/ext/vector_float3_precision.hpp" />
		<Unit filename="DEPENDENCIES/Include/glm/ext/vector_float4.hpp" />
		<Unit filename="DEPENDENCIES/Include/glm/ext/vector_float4_precision.hpp" />
		<Unit filename="DEPENDENCIES/Include/glm/ext/vector_int1.hpp" />
		<Unit filename="DEPENDENCIES/Include/glm/ext/vector_int1_sized.hpp" />
		<Unit filename="DEPENDENCIES/Include/glm/ext/vector_int2.hpp" />
		<Unit filename="DEPENDENCIES/Include/glm/ext/vector_int2_sized.hpp" />
		<Unit filename="DEPENDENCIES/Include/glm/ext/vector_int3.hpp" />
		<Unit filename="DEPENDENCIES/Include/glm/ext/vector_int3_sized.hpp" />
		<Unit filename="DEPENDENCIES/Include/glm/ext/vector_int4.hpp" />
		<Unit filename="DEPENDENCIES/Include/glm/ext/vector_int4_sized.hpp" />
		<Unit filename="DEPENDENCIES/Include/glm/ext/vector_integer.hpp" />
		<Unit filename="DEPENDENCIES/Include/glm/ext/vector_packing.hpp" />
		<Unit filename="DEPENDENCIES/Include/glm/ext/vector_relational.hpp" />
		<Unit filename="DEPENDENCIES/Include/glm/ext/vector_uint1.hpp" />
		<Unit filename="DEPENDENCIES/Include/glm/ext/vector_uint1_sized.hpp" />
		<Unit filename="DEPENDENCIES/Include/glm/ext/vector_uint2.hpp" />
		<Unit filename="DEPENDENCIES/Include/glm/ext/vector_uint2_sized.hpp" />
		<Unit filename="DEPENDENCIES/Include/glm/ext/vector_uint3.hpp" />
		<Unit filename="DEPENDENCIES/Include/glm/ext/vector_uint3_sized.hpp" />
		<Unit filename="DEPENDENCIES/Include/glm/ext/vector_uint4.hpp" />
		<Unit filename="DEPENDENCIES/Include/glm/ext/vector_uint4_sized.hpp" />
		<Unit filename="DEPENDENCIES/Include/glm/ext/vector_ulp.hpp" />
		<Unit filename="DEPENDENCIES/Include/glm/fwd.hpp" />
		<Unit filename="DEPENDENCIES/Include/glm/geometric.hpp" />
		<Unit filename="DEPENDENCIES/Include/glm/glm.hpp" />
		<Unit filename="DEPENDENCIES/Include/glm/gtc/bitfield.hpp" />
		<Unit filename="DEPENDENCIES/Include/glm/gtc/color_space.hpp" />
		<Unit filename="DEPENDENCIES/Include/glm/gtc/constants.hpp" />
		<Unit filename="DEPENDENCIES/Include/glm/gtc/epsilon.hpp" />
		<Unit filename="DEPENDENCIES/Include/glm/gtc/integer.hpp" />
		<Unit filename="DEPENDENCIES/Include/glm/gtc/matrix_access.hpp" />
		<Unit filename="DEPENDENCIES/Include/glm/gtc/matrix_integer.hpp" />
		<Unit filename="DEPENDENCIES/Include/glm/gtc/matrix_inverse.hpp" />
		<Unit filename="DEPENDENCIES/Include/glm/gtc/matrix_transform.hpp" />
		<Unit filename="DEPENDENCIES/Include/glm/gtc/noise.hpp" />
		<Unit filename="DEPENDENCIES/Include/glm/gtc/packing.hpp" />
		<Unit filename="DEPENDENCIES/Include/glm/gtc/quaternion.hpp" />
		<Unit filename="DEPENDENCIES/Include/glm/gtc/random.hpp" />
		<Unit filename="DEPENDENCIES/Include/glm/gtc/reciprocal.hpp" />
		<Unit filename="DEPENDENCIES/Include/glm/gtc/round.hpp" />
		<Unit filename="DEPENDENCIES/Include/glm/gtc/type_aligned.hpp" />
		<Unit filename="DEPENDENCIES/Include/glm/gtc/type_precision.hpp" />
		<Unit filename="DEPENDENCIES/Include/glm/gtc/type_ptr.hpp" />
		<Unit filename="DEPENDENCIES/Include/glm/gtc/ulp.hpp" />
		<Unit filename="DEPENDENCIES/Include/glm/gtc/vec1.hpp" />
		<Unit filename="DEPENDENCIES/Include/glm/gtx/associated_min_max.hpp" />
		<Unit filename="DEPENDENCIES/Include/glm/gtx/bit.hpp" />
		<Unit filename="DEPENDENCIES/Include/glm/gtx/closest_point.hpp" />
		<Unit filename="DEPENDENCIES/Include/glm/gtx/color_encoding.hpp" />
		<Unit filename="DEPENDENCIES/Include/glm/gtx/color_space.hpp" />
		<Unit filename="DEPENDENCIES/Include/glm/gtx/color_space_YCoCg.hpp" />
		<Unit filename="DEPENDENCIES/Include/glm/gtx/common.hpp" />
		<Unit filename="DEPENDENCIES/Include/glm/gtx/compatibility.hpp" />
		<Unit filename="DEPENDENCIES/Include/glm/gtx/component_wise.hpp" />
		<Unit filename="DEPENDENCIES/Include/glm/gtx/dual_quaternion.hpp" />
		<Unit filename="DEPENDENCIES/Include/glm/gtx/easing.hpp" />
		<Unit filename="DEPENDENCIES/Include/glm/gtx/euler_angles.hpp" />
		<Unit filename="DEPENDENCIES/Include/glm/gtx/extend.hpp" />
		<Unit filename="DEPENDENCIES/Include/glm/gtx/extended_min_max.hpp" />
		<Unit filename="DEPENDENCIES/Include/glm/gtx/exterior_product.hpp" />
		<Unit filename="DEPENDENCIES/Include/glm/gtx/fast_exponential.hpp" />
		<Unit filename="DEPENDENCIES/Include/glm/gtx/fast_square_root.hpp" />
		<Unit filename="DEPENDENCIES/Include/glm/gtx/fast_trigonometry.hpp" />
		<Unit filename="DEPENDENCIES/Include/glm/gtx/functions.hpp" />
		<Unit filename="DEPENDENCIES/Include/glm/gtx/gradient_paint.hpp" />
		<Unit filename="DEPENDENCIES/Include/glm/gtx/handed_coordinate_space.hpp" />
		<Unit filename="DEPENDENCIES/Include/glm/gtx/hash.hpp" />
		<Unit filename="DEPENDENCIES/Include/glm/gtx/integer.hpp" />
		<Unit filename="DEPENDENCIES/Include/glm/gtx/intersect.hpp" />
		<Unit filename="DEPENDENCIES/Include/glm/gtx/io.hpp" />
		<Unit filename="DEPENDENCIES/Include/glm/gtx/log_base.hpp" />
		<Unit filename="DEPENDENCIES/Include/glm/gtx/matrix_cross_product.hpp" />
		<Unit filename="DEPENDENCIES/Include/glm/gtx/matrix_decompose.hpp" />
		<Unit filename="DEPENDENCIES/Include/glm/gtx/matrix_factorisation.hpp" />
		<Unit filename="DEPENDENCIES/Include/glm/gtx/matrix_interpolation.hpp" />
		<Unit filename="DEPENDENCIES/Include/glm/gtx/matrix_major_storage.hpp" />
		<Unit filename="DEPENDENCIES/Include/glm/gtx/matrix_operation.hpp" />
		<Unit filename="DEPENDENCIES/Include/glm/gtx/matrix_query.hpp" />
		<Unit filename="DEPENDENCIES/Include/glm/gtx/matrix_transform_2d.hpp" />
		<Unit filename="DEPENDENCIES/Include/glm/gtx/mixed_product.hpp" />
		<Unit filename="DEPENDENCIES/Include/glm/gtx/norm.hpp" />
		<Unit filename="DEPENDENCIES/Include/glm/gtx/normal.hpp" />
		<Unit filename="DEPENDENCIES/Include/glm/gtx/normalize_dot.hpp" />
		<Unit filename="DEPENDENCIES/Include/glm/gtx/number_precision.hpp" />
		<Unit filename="DEPENDENCIES/Include/glm/gtx/optimum_pow.hpp" />
		<Unit filename="DEPENDENCIES/Include/glm/gtx/orthonormalize.hpp" />
		<Unit filename="DEPENDENCIES/Include/glm/gtx/perpendicular.hpp" />
		<Unit filename="DEPENDENCIES/Include/glm/gtx/polar_coordinates.hpp" />
		<Unit filename="DEPENDENCIES/Include/glm/gtx/projection.hpp" />
		<Unit filename="DEPENDENCIES/Include/glm/gtx/quaternion.hpp" />
		<Unit filename="DEPENDENCIES/Include/glm/gtx/range.hpp" />
		<Unit filename="DEPENDENCIES/Include/glm/gtx/raw_data.hpp" />
		<Unit filename="DEPENDENCIES/Include/glm/gtx/rotate_normalized_axis.hpp" />
		<Unit filename="DEPENDENCIES/Include/glm/gtx/rotate_vector.hpp" />
		<Unit filename="DEPENDENCIES/Include/glm/gtx/scalar_multiplication.hpp" />
		<Unit filename="DEPENDENCIES/Include/glm/gtx/scalar_relational.hpp" />
		<Unit filename="DEPENDENCIES/Include/glm/gtx/spline.hpp" />
		<Unit filename="DEPENDENCIES/Include/glm/gtx/std_based_type.hpp" />
		<Unit filename="DEPENDENCIES/Include/glm/gtx/string_cast.hpp" />
		<Unit filename="DEPENDENCIES/Include/glm/gtx/texture.hpp" />
		<Unit filename="DEPENDENCIES/Include/glm/gtx/transform.hpp" />
		<Unit filename="DEPENDENCIES/Include/glm/gtx/transform2.hpp" />
		<Unit filename="DEPENDENCIES/Include/glm/gtx/type_aligned.hpp" />
		<Unit filename="DEPENDENCIES/Include/glm/gtx/type_trait.hpp" />
		<Unit filename="DEPENDENCIES/Include/glm/gtx/vec_swizzle.hpp" />
		<Unit filename="DEPENDENCIES/Include/glm/gtx/vector_angle.hpp" />
		<Unit filename="DEPENDENCIES/Include/glm/gtx/vector_query.hpp" />
		<Unit filename="DEPENDENCIES/Include/glm/gtx/wrap.hpp" />
		<Unit filename="DEPENDENCIES/Include/glm/integer.hpp" />
		<Unit filename="DEPENDENCIES/Include/glm/mat2x2.hpp" />
		<Unit filename="DEPENDENCIES/Include/glm/mat2x3.hpp" />
		<Unit filename="DEPENDENCIES/Include/glm/mat2x4.hpp" />
		<Unit filename="DEPENDENCIES/Include/glm/mat3x2.hpp" />
		<Unit filename="DEPENDENCIES/Include/glm/mat3x3.hpp" />
		<Unit filename="DEPENDENCIES/Include/glm/mat3x4.hpp" />
		<Unit filename="DEPENDENCIES/Include/glm/mat4x2.hpp" />
		<Unit filename="DEPENDENCIES/Include/glm/mat4x3.hpp" />
		<Unit filename="DEPENDENCIES/Include/glm/mat4x4.hpp" />
		<Unit filename="DEPENDENCIES/Include/glm/matrix.hpp" />
		<Unit filename="DEPENDENCIES/Include/glm/packing.hpp" />
		<Unit filename="DEPENDENCIES/Include/glm/simd/common.h" />
		<Unit filename="DEPENDENCIES/Include/glm/simd/exponential.h" />
		<Unit filename="DEPENDENCIES/Include/glm/simd/geometric.h" />
		<Unit filename="DEPENDENCIES/Include/glm/simd/integer.h" />
		<Unit filename="DEPENDENCIES/Include/glm/simd/matrix.h" />
		<Unit filename="DEPENDENCIES/Include/glm/simd/neon.h" />
		<Unit filename="DEPENDENCIES/Include/glm/simd/packing.h" />
		<Unit filename="DEPENDENCIES/Include/glm/simd/platform.h" />
		<Unit filename="DEPENDENCIES/Include/glm/simd/trigonometric.h" />
		<Unit filename="DEPENDENCIES/Include/glm/simd/vector_relational.h" />
		<Unit filename="DEPENDENCIES/Include/glm/trigonometric.hpp" />
		<Unit filename="DEPENDENCIES/Include/glm/vec2.hpp" />
		<Unit filename="DEPENDENCIES/Include/glm/vec3.hpp" />
		<Unit filename="DEPENDENCIES/Include/glm/vec4.hpp" />
		<Unit filename="DEPENDENCIES/Include/glm/vector_relational.hpp" />
		<Unit filename="DEPENDENCIES/Include/imgui/imconfig.h" />
		<Unit filename="DEPENDENCIES/Include/imgui/imgui.cpp" />
		<Unit filename="DEPENDENCIES/Include/imgui/imgui.h" />
		<Unit filename="DEPENDENCIES/Include/imgui/imgui_demo.cpp" />
		<Unit filename="DEPENDENCIES/Include/imgui/imgui_draw.cpp" />
		<Unit filename="DEPENDENCIES/Include/imgui/imgui_impl_glfw.cpp" />
		<Unit filename="DEPENDENCIES/Include/imgui/imgui_impl_glfw.h" />
		<Unit filename="DEPENDENCIES/Include/imgui/imgui_impl_opengl3.cpp" />
		<Unit filename="DEPENDENCIES/Include/imgui/imgui_impl_opengl3.h" />
		<Unit filename="DEPENDENCIES/Include/imgui/imgui_impl_opengl3_loader.h" />
		<Unit filename="DEPENDENCIES/Include/imgui/imgui_internal.h" />
		<Unit filename="DEPENDENCIES/Include/imgui/imgui_tables.cpp" />
		<Unit filename="DEPENDENCIES/Include/imgui/imgui_widgets.cpp" />
		<Unit filename="DEPENDENCIES/Include/imgui/imstb_rectpack.h" />
		<Unit filename="DEPENDENCIES/Include/imgui/imstb_textedit.h" />
		<Unit filename="DEPENDENCIES/Include/imgui/imstb_truetype.h" />
		<Unit filename="DEPENDENCIES/Include/stb_image.h" />
		<Unit filename="Engine/engine.cpp" />
		<Unit filename="Engine/engine.h" />
		<Unit filename="Engine/gui.cpp" />
		<Unit filename="Engine/gui.h" />
		<Unit filename="glad.c">
			<Option compilerVar="CC" />
		</Unit>
		<Unit filename="main.cpp" />
		<Extensions />
	</Project>
</CodeBlocks_project_file>
